
Microsoft Visual Studio Solution File, Format Version 12.00
# Visual Studio Version 17
VisualStudioVersion = 17.8.34322.80
MinimumVisualStudioVersion = 10.0.40219.1
Project("{9A19103F-16F7-4668-BE54-9A1E7A4F7556}") = "FluentValidationApp.Web", "FluentValidationApp.Web\FluentValidationApp.Web.csproj", "{BDB7E6D8-E1C1-401C-A14A-615FDB2E2953}"
EndProject
Project("{9A19103F-16F7-4668-BE54-9A1E7A4F7556}") = "RateLimit.API", "RateLimit.API\RateLimit.API.csproj", "{C353084E-BB82-4599-9924-8E9F690F5AF9}"
EndProject
Project("{9A19103F-16F7-4668-BE54-9A1E7A4F7556}") = "SmidgeApp.Web", "SmidgeApp.Web\SmidgeApp.Web.csproj", "{5B9C6E46-627F-40BC-AC64-B9F1B22F0623}"
EndProject
Project("{FAE04EC0-301F-11D3-BF4B-00C04F79EFBC}") = "HangFire.Web", "HangFire.Web\HangFire.Web.csproj", "{CBF0A627-C9C1-4A7A-855A-423FFB37A563}"
EndProject
Global
	GlobalSection(SolutionConfigurationPlatforms) = preSolution
		Debug|Any CPU = Debug|Any CPU
		Release|Any CPU = Release|Any CPU
	EndGlobalSection
	GlobalSection(ProjectConfigurationPlatforms) = postSolution
		{BDB7E6D8-E1C1-401C-A14A-615FDB2E2953}.Debug|Any CPU.ActiveCfg = Debug|Any CPU
		{BDB7E6D8-E1C1-401C-A14A-615FDB2E2953}.Debug|Any CPU.Build.0 = Debug|Any CPU
		{BDB7E6D8-E1C1-401C-A14A-615FDB2E2953}.Release|Any CPU.ActiveCfg = Release|Any CPU
		{BDB7E6D8-E1C1-401C-A14A-615FDB2E2953}.Release|Any CPU.Build.0 = Release|Any CPU
		{C353084E-BB82-4599-9924-8E9F690F5AF9}.Debug|Any CPU.ActiveCfg = Debug|Any CPU
		{C353084E-BB82-4599-9924-8E9F690F5AF9}.Debug|Any CPU.Build.0 = Debug|Any CPU
		{C353084E-BB82-4599-9924-8E9F690F5AF9}.Release|Any CPU.ActiveCfg = Release|Any CPU
		{C353084E-BB82-4599-9924-8E9F690F5AF9}.Release|Any CPU.Build.0 = Release|Any CPU
		{5B9C6E46-627F-40BC-AC64-B9F1B22F0623}.Debug|Any CPU.ActiveCfg = Debug|Any CPU
		{5B9C6E46-627F-40BC-AC64-B9F1B22F0623}.Debug|Any CPU.Build.0 = Debug|Any CPU
		{5B9C6E46-627F-40BC-AC64-B9F1B22F0623}.Release|Any CPU.ActiveCfg = Release|Any CPU
		{5B9C6E46-627F-40BC-AC64-B9F1B22F0623}.Release|Any CPU.Build.0 = Release|Any CPU
		{CBF0A627-C9C1-4A7A-855A-423FFB37A563}.Debug|Any CPU.ActiveCfg = Debug|Any CPU
		{CBF0A627-C9C1-4A7A-855A-423FFB37A563}.Debug|Any CPU.Build.0 = Debug|Any CPU
		{CBF0A627-C9C1-4A7A-855A-423FFB37A563}.Release|Any CPU.ActiveCfg = Release|Any CPU
		{CBF0A627-C9C1-4A7A-855A-423FFB37A563}.Release|Any CPU.Build.0 = Release|Any CPU
	EndGlobalSection
	GlobalSection(SolutionProperties) = preSolution
		HideSolutionNode = FALSE
	EndGlobalSection
	GlobalSection(ExtensibilityGlobals) = postSolution
		SolutionGuid = {CD2E65BE-89DC-4C2D-BEC1-C46D3E7B57D8}
	EndGlobalSection
EndGlobal
